// !$*UTF8*$!
{
	archiveVersion = 1;
	classes = {
	};
	objectVersion = 50;
	objects = {

/* Begin PBXBuildFile section */
		186843092617E83C00703ACB /* main.cpp in Sources */ = {isa = PBXBuildFile; fileRef = 186843082617E83C00703ACB /* main.cpp */; };
		186843142617E95100703ACB /* OpenGL.framework in Frameworks */ = {isa = PBXBuildFile; fileRef = 186843132617E95100703ACB /* OpenGL.framework */; };
		186843162617E95A00703ACB /* GLUT.framework in Frameworks */ = {isa = PBXBuildFile; fileRef = 186843152617E95A00703ACB /* GLUT.framework */; };
		1868431A2617E99E00703ACB /* libopencv_core.4.5.1.dylib in Frameworks */ = {isa = PBXBuildFile; fileRef = 186843172617E99E00703ACB /* libopencv_core.4.5.1.dylib */; };
		1868431B2617E99E00703ACB /* libopencv_highgui.4.5.1.dylib in Frameworks */ = {isa = PBXBuildFile; fileRef = 186843182617E99E00703ACB /* libopencv_highgui.4.5.1.dylib */; };
		1868431C2617E99E00703ACB /* libopencv_imgcodecs.4.5.1.dylib in Frameworks */ = {isa = PBXBuildFile; fileRef = 186843192617E99E00703ACB /* libopencv_imgcodecs.4.5.1.dylib */; };
/* End PBXBuildFile section */

/* Begin PBXCopyFilesBuildPhase section */
		186843032617E83C00703ACB /* CopyFiles */ = {
			isa = PBXCopyFilesBuildPhase;
			buildActionMask = 2147483647;
			dstPath = /usr/share/man/man1/;
			dstSubfolderSpec = 0;
			files = (
			);
			runOnlyForDeploymentPostprocessing = 1;
		};
/* End PBXCopyFilesBuildPhase section */

/* Begin PBXFileReference section */
		186843052617E83C00703ACB /* obj_casting */ = {isa = PBXFileReference; explicitFileType = "compiled.mach-o.executable"; includeInIndex = 0; path = obj_casting; sourceTree = BUILT_PRODUCTS_DIR; };
		186843082617E83C00703ACB /* main.cpp */ = {isa = PBXFileReference; lastKnownFileType = sourcecode.cpp.cpp; path = main.cpp; sourceTree = "<group>"; };
		186843132617E95100703ACB /* OpenGL.framework */ = {isa = PBXFileReference; lastKnownFileType = wrapper.framework; name = OpenGL.framework; path = System/Library/Frameworks/OpenGL.framework; sourceTree = SDKROOT; };
		186843152617E95A00703ACB /* GLUT.framework */ = {isa = PBXFileReference; lastKnownFileType = wrapper.framework; name = GLUT.framework; path = System/Library/Frameworks/GLUT.framework; sourceTree = SDKROOT; };
		186843172617E99E00703ACB /* libopencv_core.4.5.1.dylib */ = {isa = PBXFileReference; lastKnownFileType = "compiled.mach-o.dylib"; name = libopencv_core.4.5.1.dylib; path = ../../../../../../usr/local/Cellar/opencv/4.5.1_3/lib/libopencv_core.4.5.1.dylib; sourceTree = "<group>"; };
		186843182617E99E00703ACB /* libopencv_highgui.4.5.1.dylib */ = {isa = PBXFileReference; lastKnownFileType = "compiled.mach-o.dylib"; name = libopencv_highgui.4.5.1.dylib; path = ../../../../../../usr/local/Cellar/opencv/4.5.1_3/lib/libopencv_highgui.4.5.1.dylib; sourceTree = "<group>"; };
		186843192617E99E00703ACB /* libopencv_imgcodecs.4.5.1.dylib */ = {isa = PBXFileReference; lastKnownFileType = "compiled.mach-o.dylib"; name = libopencv_imgcodecs.4.5.1.dylib; path = ../../../../../../usr/local/Cellar/opencv/4.5.1_3/lib/libopencv_imgcodecs.4.5.1.dylib; sourceTree = "<group>"; };
/* End PBXFileReference section */

/* Begin PBXFrameworksBuildPhase section */
		186843022617E83C00703ACB /* Frameworks */ = {
			isa = PBXFrameworksBuildPhase;
			buildActionMask = 2147483647;
			files = (
				1868431A2617E99E00703ACB /* libopencv_core.4.5.1.dylib in Frameworks */,
				1868431B2617E99E00703ACB /* libopencv_highgui.4.5.1.dylib in Frameworks */,
				1868431C2617E99E00703ACB /* libopencv_imgcodecs.4.5.1.dylib in Frameworks */,
				186843162617E95A00703ACB /* GLUT.framework in Frameworks */,
				186843142617E95100703ACB /* OpenGL.framework in Frameworks */,
			);
			runOnlyForDeploymentPostprocessing = 0;
		};
/* End PBXFrameworksBuildPhase section */

/* Begin PBXGroup section */
		186842FC2617E83C00703ACB = {
			isa = PBXGroup;
			children = (
				186843172617E99E00703ACB /* libopencv_core.4.5.1.dylib */,
				186843182617E99E00703ACB /* libopencv_highgui.4.5.1.dylib */,
				186843192617E99E00703ACB /* libopencv_imgcodecs.4.5.1.dylib */,
				186843072617E83C00703ACB /* obj_casting */,
				186843062617E83C00703ACB /* Products */,
				186843122617E95100703ACB /* Frameworks */,
			);
			sourceTree = "<group>";
		};
		186843062617E83C00703ACB /* Products */ = {
			isa = PBXGroup;
			children = (
				186843052617E83C00703ACB /* obj_casting */,
			);
			name = Products;
			sourceTree = "<group>";
		};
		186843072617E83C00703ACB /* obj_casting */ = {
			isa = PBXGroup;
			children = (
				186843082617E83C00703ACB /* main.cpp */,
			);
			path = obj_casting;
			sourceTree = "<group>";
		};
		186843122617E95100703ACB /* Frameworks */ = {
			isa = PBXGroup;
			children = (
				186843152617E95A00703ACB /* GLUT.framework */,
				186843132617E95100703ACB /* OpenGL.framework */,
			);
			name = Frameworks;
			sourceTree = "<group>";
		};
/* End PBXGroup section */

/* Begin PBXNativeTarget section */
		186843042617E83C00703ACB /* obj_casting */ = {
			isa = PBXNativeTarget;
			buildConfigurationList = 1868430C2617E83C00703ACB /* Build configuration list for PBXNativeTarget "obj_casting" */;
			buildPhases = (
				186843012617E83C00703ACB /* Sources */,
				186843022617E83C00703ACB /* Frameworks */,
				186843032617E83C00703ACB /* CopyFiles */,
			);
			buildRules = (
			);
			dependencies = (
			);
			name = obj_casting;
			productName = obj_casting;
			productReference = 186843052617E83C00703ACB /* obj_casting */;
			productType = "com.apple.product-type.tool";
		};
/* End PBXNativeTarget section */

/* Begin PBXProject section */
		186842FD2617E83C00703ACB /* Project object */ = {
			isa = PBXProject;
			attributes = {
				LastUpgradeCheck = 1240;
				TargetAttributes = {
					186843042617E83C00703ACB = {
						CreatedOnToolsVersion = 12.4;
					};
				};
			};
			buildConfigurationList = 186843002617E83C00703ACB /* Build configuration list for PBXProject "obj_casting" */;
			compatibilityVersion = "Xcode 9.3";
			developmentRegion = en;
			hasScannedForEncodings = 0;
			knownRegions = (
				en,
				Base,
			);
			mainGroup = 186842FC2617E83C00703ACB;
			productRefGroup = 186843062617E83C00703ACB /* Products */;
			projectDirPath = "";
			projectRoot = "";
			targets = (
				186843042617E83C00703ACB /* obj_casting */,
			);
		};
/* End PBXProject section */

/* Begin PBXSourcesBuildPhase section */
		186843012617E83C00703ACB /* Sources */ = {
			isa = PBXSourcesBuildPhase;
			buildActionMask = 2147483647;
			files = (
				186843092617E83C00703ACB /* main.cpp in Sources */,
			);
			runOnlyForDeploymentPostprocessing = 0;
		};
/* End PBXSourcesBuildPhase section */

/* Begin XCBuildConfiguration section */
		1868430A2617E83C00703ACB /* Debug */ = {
			isa = XCBuildConfiguration;
			buildSettings = {
				ALWAYS_SEARCH_USER_PATHS = NO;
				CLANG_ANALYZER_NONNULL = YES;
				CLANG_ANALYZER_NUMBER_OBJECT_CONVERSION = YES_AGGRESSIVE;
				CLANG_CXX_LANGUAGE_STANDARD = "gnu++14";
				CLANG_CXX_LIBRARY = "libc++";
				CLANG_ENABLE_MODULES = YES;
				CLANG_ENABLE_OBJC_ARC = YES;
				CLANG_ENABLE_OBJC_WEAK = YES;
				CLANG_WARN_BLOCK_CAPTURE_AUTORELEASING = YES;
				CLANG_WARN_BOOL_CONVERSION = YES;
				CLANG_WARN_COMMA = YES;
				CLANG_WARN_CONSTANT_CONVERSION = YES;
				CLANG_WARN_DEPRECATED_OBJC_IMPLEMENTATIONS = YES;
				CLANG_WARN_DIRECT_OBJC_ISA_USAGE = YES_ERROR;
				CLANG_WARN_DOCUMENTATION_COMMENTS = YES;
				CLANG_WARN_EMPTY_BODY = YES;
				CLANG_WARN_ENUM_CONVERSION = YES;
				CLANG_WARN_INFINITE_RECURSION = YES;
				CLANG_WARN_INT_CONVERSION = YES;
				CLANG_WARN_NON_LITERAL_NULL_CONVERSION = YES;
				CLANG_WARN_OBJC_IMPLICIT_RETAIN_SELF = YES;
				CLANG_WARN_OBJC_LITERAL_CONVERSION = YES;
				CLANG_WARN_OBJC_ROOT_CLASS = YES_ERROR;
				CLANG_WARN_QUOTED_INCLUDE_IN_FRAMEWORK_HEADER = YES;
				CLANG_WARN_RANGE_LOOP_ANALYSIS = YES;
				CLANG_WARN_STRICT_PROTOTYPES = YES;
				CLANG_WARN_SUSPICIOUS_MOVE = YES;
				CLANG_WARN_UNGUARDED_AVAILABILITY = YES_AGGRESSIVE;
				CLANG_WARN_UNREACHABLE_CODE = YES;
				CLANG_WARN__DUPLICATE_METHOD_MATCH = YES;
				COPY_PHASE_STRIP = NO;
				DEBUG_INFORMATION_FORMAT = dwarf;
				ENABLE_STRICT_OBJC_MSGSEND = YES;
				ENABLE_TESTABILITY = YES;
				GCC_C_LANGUAGE_STANDARD = gnu11;
				GCC_DYNAMIC_NO_PIC = NO;
				GCC_NO_COMMON_BLOCKS = YES;
				GCC_OPTIMIZATION_LEVEL = 0;
				GCC_PREPROCESSOR_DEFINITIONS = (
					"DEBUG=1",
					"$(inherited)",
				);
				GCC_WARN_64_TO_32_BIT_CONVERSION = YES;
				GCC_WARN_ABOUT_RETURN_TYPE = YES_ERROR;
				GCC_WARN_UNDECLARED_SELECTOR = YES;
				GCC_WARN_UNINITIALIZED_AUTOS = YES_AGGRESSIVE;
				GCC_WARN_UNUSED_FUNCTION = YES;
				GCC_WARN_UNUSED_VARIABLE = YES;
				MACOSX_DEPLOYMENT_TARGET = 10.15;
				MTL_ENABLE_DEBUG_INFO = INCLUDE_SOURCE;
				MTL_FAST_MATH = YES;
				ONLY_ACTIVE_ARCH = YES;
				SDKROOT = macosx;
			};
			name = Debug;
		};
		1868430B2617E83C00703ACB /* Release */ = {
			isa = XCBuildConfiguration;
			buildSettings = {
				ALWAYS_SEARCH_USER_PATHS = NO;
				CLANG_ANALYZER_NONNULL = YES;
				CLANG_ANALYZER_NUMBER_OBJECT_CONVERSION = YES_AGGRESSIVE;
				CLANG_CXX_LANGUAGE_STANDARD = "gnu++14";
				CLANG_CXX_LIBRARY = "libc++";
				CLANG_ENABLE_MODULES = YES;
				CLANG_ENABLE_OBJC_ARC = YES;
				CLANG_ENABLE_OBJC_WEAK = YES;
				CLANG_WARN_BLOCK_CAPTURE_AUTORELEASING = YES;
				CLANG_WARN_BOOL_CONVERSION = YES;
				CLANG_WARN_COMMA = YES;
				CLANG_WARN_CONSTANT_CONVERSION = YES;
				CLANG_WARN_DEPRECATED_OBJC_IMPLEMENTATIONS = YES;
				CLANG_WARN_DIRECT_OBJC_ISA_USAGE = YES_ERROR;
				CLANG_WARN_DOCUMENTATION_COMMENTS = YES;
				CLANG_WARN_EMPTY_BODY = YES;
				CLANG_WARN_ENUM_CONVERSION = YES;
				CLANG_WARN_INFINITE_RECURSION = YES;
				CLANG_WARN_INT_CONVERSION = YES;
				CLANG_WARN_NON_LITERAL_NULL_CONVERSION = YES;
				CLANG_WARN_OBJC_IMPLICIT_RETAIN_SELF = YES;
				CLANG_WARN_OBJC_LITERAL_CONVERSION = YES;
				CLANG_WARN_OBJC_ROOT_CLASS = YES_ERROR;
				CLANG_WARN_QUOTED_INCLUDE_IN_FRAMEWORK_HEADER = YES;
				CLANG_WARN_RANGE_LOOP_ANALYSIS = YES;
				CLANG_WARN_STRICT_PROTOTYPES = YES;
				CLANG_WARN_SUSPICIOUS_MOVE = YES;
				CLANG_WARN_UNGUARDED_AVAILABILITY = YES_AGGRESSIVE;
				CLANG_WARN_UNREACHABLE_CODE = YES;
				CLANG_WARN__DUPLICATE_METHOD_MATCH = YES;
				COPY_PHASE_STRIP = NO;
				DEBUG_INFORMATION_FORMAT = "dwarf-with-dsym";
				ENABLE_NS_ASSERTIONS = NO;
				ENABLE_STRICT_OBJC_MSGSEND = YES;
				GCC_C_LANGUAGE_STANDARD = gnu11;
				GCC_NO_COMMON_BLOCKS = YES;
				GCC_WARN_64_TO_32_BIT_CONVERSION = YES;
				GCC_WARN_ABOUT_RETURN_TYPE = YES_ERROR;
				GCC_WARN_UNDECLARED_SELECTOR = YES;
				GCC_WARN_UNINITIALIZED_AUTOS = YES_AGGRESSIVE;
				GCC_WARN_UNUSED_FUNCTION = YES;
				GCC_WARN_UNUSED_VARIABLE = YES;
				MACOSX_DEPLOYMENT_TARGET = 10.15;
				MTL_ENABLE_DEBUG_INFO = NO;
				MTL_FAST_MATH = YES;
				SDKROOT = macosx;
			};
			name = Release;
		};
		1868430D2617E83C00703ACB /* Debug */ = {
			isa = XCBuildConfiguration;
			buildSettings = {
				CODE_SIGN_STYLE = Automatic;
				HEADER_SEARCH_PATHS = (
					"/Users/mehdigorjian/Downloads/stb-master/**",
					"/usr/local/Cellar/opencv/4.5.1_3/include/opencv4/**",
					/Users/mehdigorjian/Downloads/csce647/pr_07,
				);
				LIBRARY_SEARCH_PATHS = (
					"$(inherited)",
					/usr/local/Cellar/opencv/4.5.1_3/lib,
				);
				PRODUCT_NAME = "$(TARGET_NAME)";
			};
			name = Debug;
		};
		1868430E2617E83C00703ACB /* Release */ = {
			isa = XCBuildConfiguration;
			buildSettings = {
				CODE_SIGN_STYLE = Automatic;
				HEADER_SEARCH_PATHS = (
					"/Users/mehdigorjian/Downloads/stb-master/**",
					"/usr/local/Cellar/opencv/4.5.1_3/include/opencv4/**",
					/Users/mehdigorjian/Downloads/csce647/pr_07,
				);
				LIBRARY_SEARCH_PATHS = (
					"$(inherited)",
					/usr/local/Cellar/opencv/4.5.1_3/lib,
				);
				PRODUCT_NAME = "$(TARGET_NAME)";
			};
			name = Release;
		};
/* End XCBuildConfiguration section */

/* Begin XCConfigurationList section */
		186843002617E83C00703ACB /* Build configuration list for PBXProject "obj_casting" */ = {
			isa = XCConfigurationList;
			buildConfigurations = (
				1868430A2617E83C00703ACB /* Debug */,
				1868430B2617E83C00703ACB /* Release */,
			);
			defaultConfigurationIsVisible = 0;
			defaultConfigurationName = Release;
		};
		1868430C2617E83C00703ACB /* Build configuration list for PBXNativeTarget "obj_casting" */ = {
			isa = XCConfigurationList;
			buildConfigurations = (
				1868430D2617E83C00703ACB /* Debug */,
				1868430E2617E83C00703ACB /* Release */,
			);
			defaultConfigurationIsVisible = 0;
			defaultConfigurationName = Release;
		};
/* End XCConfigurationList section */
	};
	rootObject = 186842FD2617E83C00703ACB /* Project object */;
}
